// !$*UTF8*$!
{
	archiveVersion = 1;
	classes = {
	};
	objectVersion = 56;
	objects = {

/* Begin PBXBuildFile section */
		2653A453296334D40041BC66 /* AppDelegate.swift in Sources */ = {isa = PBXBuildFile; fileRef = 2653A452296334D40041BC66 /* AppDelegate.swift */; };
		2653A455296334D40041BC66 /* SceneDelegate.swift in Sources */ = {isa = PBXBuildFile; fileRef = 2653A454296334D40041BC66 /* SceneDelegate.swift */; };
		2653A45A296334D40041BC66 /* Main.storyboard in Resources */ = {isa = PBXBuildFile; fileRef = 2653A458296334D40041BC66 /* Main.storyboard */; };
		2653A45C296334D60041BC66 /* Assets.xcassets in Resources */ = {isa = PBXBuildFile; fileRef = 2653A45B296334D60041BC66 /* Assets.xcassets */; };
		2653A45F296334D60041BC66 /* LaunchScreen.storyboard in Resources */ = {isa = PBXBuildFile; fileRef = 2653A45D296334D60041BC66 /* LaunchScreen.storyboard */; };
		2653A46D296335270041BC66 /* flower_04.png in Resources */ = {isa = PBXBuildFile; fileRef = 2653A467296335260041BC66 /* flower_04.png */; };
		2653A46E296335270041BC66 /* flower_05.png in Resources */ = {isa = PBXBuildFile; fileRef = 2653A468296335260041BC66 /* flower_05.png */; };
		2653A46F296335270041BC66 /* flower_06.png in Resources */ = {isa = PBXBuildFile; fileRef = 2653A469296335270041BC66 /* flower_06.png */; };
		2653A470296335270041BC66 /* flower_01.png in Resources */ = {isa = PBXBuildFile; fileRef = 2653A46A296335270041BC66 /* flower_01.png */; };
		2653A471296335270041BC66 /* flower_02.png in Resources */ = {isa = PBXBuildFile; fileRef = 2653A46B296335270041BC66 /* flower_02.png */; };
		2653A472296335270041BC66 /* flower_03.png in Resources */ = {isa = PBXBuildFile; fileRef = 2653A46C296335270041BC66 /* flower_03.png */; };
		2653A47629633A440041BC66 /* CollectionViewCell.swift in Sources */ = {isa = PBXBuildFile; fileRef = 2653A47529633A440041BC66 /* CollectionViewCell.swift */; };
		2653A47829633A590041BC66 /* DetailViewController.swift in Sources */ = {isa = PBXBuildFile; fileRef = 2653A47729633A590041BC66 /* DetailViewController.swift */; };
		2653A47C29633C8D0041BC66 /* ViewController.swift in Sources */ = {isa = PBXBuildFile; fileRef = 2653A47B29633C8D0041BC66 /* ViewController.swift */; };
/* End PBXBuildFile section */

/* Begin PBXFileReference section */
		2653A44F296334D40041BC66 /* CollectionView_Flower.app */ = {isa = PBXFileReference; explicitFileType = wrapper.application; includeInIndex = 0; path = CollectionView_Flower.app; sourceTree = BUILT_PRODUCTS_DIR; };
		2653A452296334D40041BC66 /* AppDelegate.swift */ = {isa = PBXFileReference; lastKnownFileType = sourcecode.swift; path = AppDelegate.swift; sourceTree = "<group>"; };
		2653A454296334D40041BC66 /* SceneDelegate.swift */ = {isa = PBXFileReference; lastKnownFileType = sourcecode.swift; path = SceneDelegate.swift; sourceTree = "<group>"; };
		2653A459296334D40041BC66 /* Base */ = {isa = PBXFileReference; lastKnownFileType = file.storyboard; name = Base; path = Base.lproj/Main.storyboard; sourceTree = "<group>"; };
		2653A45B296334D60041BC66 /* Assets.xcassets */ = {isa = PBXFileReference; lastKnownFileType = folder.assetcatalog; path = Assets.xcassets; sourceTree = "<group>"; };
		2653A45E296334D60041BC66 /* Base */ = {isa = PBXFileReference; lastKnownFileType = file.storyboard; name = Base; path = Base.lproj/LaunchScreen.storyboard; sourceTree = "<group>"; };
		2653A460296334D60041BC66 /* Info.plist */ = {isa = PBXFileReference; lastKnownFileType = text.plist.xml; path = Info.plist; sourceTree = "<group>"; };
		2653A467296335260041BC66 /* flower_04.png */ = {isa = PBXFileReference; lastKnownFileType = image.png; path = flower_04.png; sourceTree = "<group>"; };
		2653A468296335260041BC66 /* flower_05.png */ = {isa = PBXFileReference; lastKnownFileType = image.png; path = flower_05.png; sourceTree = "<group>"; };
		2653A469296335270041BC66 /* flower_06.png */ = {isa = PBXFileReference; lastKnownFileType = image.png; path = flower_06.png; sourceTree = "<group>"; };
		2653A46A296335270041BC66 /* flower_01.png */ = {isa = PBXFileReference; lastKnownFileType = image.png; path = flower_01.png; sourceTree = "<group>"; };
		2653A46B296335270041BC66 /* flower_02.png */ = {isa = PBXFileReference; lastKnownFileType = image.png; path = flower_02.png; sourceTree = "<group>"; };
		2653A46C296335270041BC66 /* flower_03.png */ = {isa = PBXFileReference; lastKnownFileType = image.png; path = flower_03.png; sourceTree = "<group>"; };
		2653A47529633A440041BC66 /* CollectionViewCell.swift */ = {isa = PBXFileReference; lastKnownFileType = sourcecode.swift; path = CollectionViewCell.swift; sourceTree = "<group>"; };
		2653A47729633A590041BC66 /* DetailViewController.swift */ = {isa = PBXFileReference; lastKnownFileType = sourcecode.swift; path = DetailViewController.swift; sourceTree = "<group>"; };
		2653A47B29633C8D0041BC66 /* ViewController.swift */ = {isa = PBXFileReference; lastKnownFileType = sourcecode.swift; path = ViewController.swift; sourceTree = "<group>"; };
/* End PBXFileReference section */

/* Begin PBXFrameworksBuildPhase section */
		2653A44C296334D40041BC66 /* Frameworks */ = {
			isa = PBXFrameworksBuildPhase;
			buildActionMask = 2147483647;
			files = (
			);
			runOnlyForDeploymentPostprocessing = 0;
		};
/* End PBXFrameworksBuildPhase section */

/* Begin PBXGroup section */
		2653A446296334D40041BC66 = {
			isa = PBXGroup;
			children = (
				2653A451296334D40041BC66 /* CollectionView_Flower */,
				2653A450296334D40041BC66 /* Products */,
			);
			sourceTree = "<group>";
		};
		2653A450296334D40041BC66 /* Products */ = {
			isa = PBXGroup;
			children = (
				2653A44F296334D40041BC66 /* CollectionView_Flower.app */,
			);
			name = Products;
			sourceTree = "<group>";
		};
		2653A451296334D40041BC66 /* CollectionView_Flower */ = {
			isa = PBXGroup;
			children = (
				2653A4662963350D0041BC66 /* images */,
				2653A452296334D40041BC66 /* AppDelegate.swift */,
				2653A454296334D40041BC66 /* SceneDelegate.swift */,
				2653A458296334D40041BC66 /* Main.storyboard */,
				2653A45B296334D60041BC66 /* Assets.xcassets */,
				2653A45D296334D60041BC66 /* LaunchScreen.storyboard */,
				2653A460296334D60041BC66 /* Info.plist */,
				2653A47529633A440041BC66 /* CollectionViewCell.swift */,
				2653A47729633A590041BC66 /* DetailViewController.swift */,
				2653A47B29633C8D0041BC66 /* ViewController.swift */,
			);
			path = CollectionView_Flower;
			sourceTree = "<group>";
		};
		2653A4662963350D0041BC66 /* images */ = {
			isa = PBXGroup;
			children = (
				2653A46A296335270041BC66 /* flower_01.png */,
				2653A46B296335270041BC66 /* flower_02.png */,
				2653A46C296335270041BC66 /* flower_03.png */,
				2653A467296335260041BC66 /* flower_04.png */,
				2653A468296335260041BC66 /* flower_05.png */,
				2653A469296335270041BC66 /* flower_06.png */,
			);
			path = images;
			sourceTree = "<group>";
		};
/* End PBXGroup section */

/* Begin PBXNativeTarget section */
		2653A44E296334D40041BC66 /* CollectionView_Flower */ = {
			isa = PBXNativeTarget;
			buildConfigurationList = 2653A463296334D60041BC66 /* Build configuration list for PBXNativeTarget "CollectionView_Flower" */;
			buildPhases = (
				2653A44B296334D40041BC66 /* Sources */,
				2653A44C296334D40041BC66 /* Frameworks */,
				2653A44D296334D40041BC66 /* Resources */,
			);
			buildRules = (
			);
			dependencies = (
			);
			name = CollectionView_Flower;
			productName = CollectionView_Flower;
			productReference = 2653A44F296334D40041BC66 /* CollectionView_Flower.app */;
			productType = "com.apple.product-type.application";
		};
/* End PBXNativeTarget section */

/* Begin PBXProject section */
		2653A447296334D40041BC66 /* Project object */ = {
			isa = PBXProject;
			attributes = {
				BuildIndependentTargetsInParallel = 1;
				LastSwiftUpdateCheck = 1420;
				LastUpgradeCheck = 1420;
				TargetAttributes = {
					2653A44E296334D40041BC66 = {
						CreatedOnToolsVersion = 14.2;
					};
				};
			};
			buildConfigurationList = 2653A44A296334D40041BC66 /* Build configuration list for PBXProject "CollectionView_Flower" */;
			compatibilityVersion = "Xcode 14.0";
			developmentRegion = en;
			hasScannedForEncodings = 0;
			knownRegions = (
				en,
				Base,
			);
			mainGroup = 2653A446296334D40041BC66;
			productRefGroup = 2653A450296334D40041BC66 /* Products */;
			projectDirPath = "";
			projectRoot = "";
			targets = (
				2653A44E296334D40041BC66 /* CollectionView_Flower */,
			);
		};
/* End PBXProject section */

/* Begin PBXResourcesBuildPhase section */
		2653A44D296334D40041BC66 /* Resources */ = {
			isa = PBXResourcesBuildPhase;
			buildActionMask = 2147483647;
			files = (
				2653A471296335270041BC66 /* flower_02.png in Resources */,
				2653A46E296335270041BC66 /* flower_05.png in Resources */,
				2653A45F296334D60041BC66 /* LaunchScreen.storyboard in Resources */,
				2653A46F296335270041BC66 /* flower_06.png in Resources */,
				2653A45C296334D60041BC66 /* Assets.xcassets in Resources */,
				2653A472296335270041BC66 /* flower_03.png in Resources */,
				2653A470296335270041BC66 /* flower_01.png in Resources */,
				2653A46D296335270041BC66 /* flower_04.png in Resources */,
				2653A45A296334D40041BC66 /* Main.storyboard in Resources */,
			);
			runOnlyForDeploymentPostprocessing = 0;
		};
/* End PBXResourcesBuildPhase section */

/* Begin PBXSourcesBuildPhase section */
		2653A44B296334D40041BC66 /* Sources */ = {
			isa = PBXSourcesBuildPhase;
			buildActionMask = 2147483647;
			files = (
				2653A47C29633C8D0041BC66 /* ViewController.swift in Sources */,
				2653A453296334D40041BC66 /* AppDelegate.swift in Sources */,
				2653A47829633A590041BC66 /* DetailViewController.swift in Sources */,
				2653A47629633A440041BC66 /* CollectionViewCell.swift in Sources */,
				2653A455296334D40041BC66 /* SceneDelegate.swift in Sources */,
			);
			runOnlyForDeploymentPostprocessing = 0;
		};
/* End PBXSourcesBuildPhase section */

/* Begin PBXVariantGroup section */
		2653A458296334D40041BC66 /* Main.storyboard */ = {
			isa = PBXVariantGroup;
			children = (
				2653A459296334D40041BC66 /* Base */,
			);
			name = Main.storyboard;
			sourceTree = "<group>";
		};
		2653A45D296334D60041BC66 /* LaunchScreen.storyboard */ = {
			isa = PBXVariantGroup;
			children = (
				2653A45E296334D60041BC66 /* Base */,
			);
			name = LaunchScreen.storyboard;
			sourceTree = "<group>";
		};
/* End PBXVariantGroup section */

/* Begin XCBuildConfiguration section */
		2653A461296334D60041BC66 /* Debug */ = {
			isa = XCBuildConfiguration;
			buildSettings = {
				ALWAYS_SEARCH_USER_PATHS = NO;
				CLANG_ANALYZER_NONNULL = YES;
				CLANG_ANALYZER_NUMBER_OBJECT_CONVERSION = YES_AGGRESSIVE;
				CLANG_CXX_LANGUAGE_STANDARD = "gnu++20";
				CLANG_ENABLE_MODULES = YES;
				CLANG_ENABLE_OBJC_ARC = YES;
				CLANG_ENABLE_OBJC_WEAK = YES;
				CLANG_WARN_BLOCK_CAPTURE_AUTORELEASING = YES;
				CLANG_WARN_BOOL_CONVERSION = YES;
				CLANG_WARN_COMMA = YES;
				CLANG_WARN_CONSTANT_CONVERSION = YES;
				CLANG_WARN_DEPRECATED_OBJC_IMPLEMENTATIONS = YES;
				CLANG_WARN_DIRECT_OBJC_ISA_USAGE = YES_ERROR;
				CLANG_WARN_DOCUMENTATION_COMMENTS = YES;
				CLANG_WARN_EMPTY_BODY = YES;
				CLANG_WARN_ENUM_CONVERSION = YES;
				CLANG_WARN_INFINITE_RECURSION = YES;
				CLANG_WARN_INT_CONVERSION = YES;
				CLANG_WARN_NON_LITERAL_NULL_CONVERSION = YES;
				CLANG_WARN_OBJC_IMPLICIT_RETAIN_SELF = YES;
				CLANG_WARN_OBJC_LITERAL_CONVERSION = YES;
				CLANG_WARN_OBJC_ROOT_CLASS = YES_ERROR;
				CLANG_WARN_QUOTED_INCLUDE_IN_FRAMEWORK_HEADER = YES;
				CLANG_WARN_RANGE_LOOP_ANALYSIS = YES;
				CLANG_WARN_STRICT_PROTOTYPES = YES;
				CLANG_WARN_SUSPICIOUS_MOVE = YES;
				CLANG_WARN_UNGUARDED_AVAILABILITY = YES_AGGRESSIVE;
				CLANG_WARN_UNREACHABLE_CODE = YES;
				CLANG_WARN__DUPLICATE_METHOD_MATCH = YES;
				COPY_PHASE_STRIP = NO;
				DEBUG_INFORMATION_FORMAT = dwarf;
				ENABLE_STRICT_OBJC_MSGSEND = YES;
				ENABLE_TESTABILITY = YES;
				GCC_C_LANGUAGE_STANDARD = gnu11;
				GCC_DYNAMIC_NO_PIC = NO;
				GCC_NO_COMMON_BLOCKS = YES;
				GCC_OPTIMIZATION_LEVEL = 0;
				GCC_PREPROCESSOR_DEFINITIONS = (
					"DEBUG=1",
					"$(inherited)",
				);
				GCC_WARN_64_TO_32_BIT_CONVERSION = YES;
				GCC_WARN_ABOUT_RETURN_TYPE = YES_ERROR;
				GCC_WARN_UNDECLARED_SELECTOR = YES;
				GCC_WARN_UNINITIALIZED_AUTOS = YES_AGGRESSIVE;
				GCC_WARN_UNUSED_FUNCTION = YES;
				GCC_WARN_UNUSED_VARIABLE = YES;
				IPHONEOS_DEPLOYMENT_TARGET = 16.2;
				MTL_ENABLE_DEBUG_INFO = INCLUDE_SOURCE;
				MTL_FAST_MATH = YES;
				ONLY_ACTIVE_ARCH = YES;
				SDKROOT = iphoneos;
				SWIFT_ACTIVE_COMPILATION_CONDITIONS = DEBUG;
				SWIFT_OPTIMIZATION_LEVEL = "-Onone";
			};
			name = Debug;
		};
		2653A462296334D60041BC66 /* Release */ = {
			isa = XCBuildConfiguration;
			buildSettings = {
				ALWAYS_SEARCH_USER_PATHS = NO;
				CLANG_ANALYZER_NONNULL = YES;
				CLANG_ANALYZER_NUMBER_OBJECT_CONVERSION = YES_AGGRESSIVE;
				CLANG_CXX_LANGUAGE_STANDARD = "gnu++20";
				CLANG_ENABLE_MODULES = YES;
				CLANG_ENABLE_OBJC_ARC = YES;
				CLANG_ENABLE_OBJC_WEAK = YES;
				CLANG_WARN_BLOCK_CAPTURE_AUTORELEASING = YES;
				CLANG_WARN_BOOL_CONVERSION = YES;
				CLANG_WARN_COMMA = YES;
				CLANG_WARN_CONSTANT_CONVERSION = YES;
				CLANG_WARN_DEPRECATED_OBJC_IMPLEMENTATIONS = YES;
				CLANG_WARN_DIRECT_OBJC_ISA_USAGE = YES_ERROR;
				CLANG_WARN_DOCUMENTATION_COMMENTS = YES;
				CLANG_WARN_EMPTY_BODY = YES;
				CLANG_WARN_ENUM_CONVERSION = YES;
				CLANG_WARN_INFINITE_RECURSION = YES;
				CLANG_WARN_INT_CONVERSION = YES;
				CLANG_WARN_NON_LITERAL_NULL_CONVERSION = YES;
				CLANG_WARN_OBJC_IMPLICIT_RETAIN_SELF = YES;
				CLANG_WARN_OBJC_LITERAL_CONVERSION = YES;
				CLANG_WARN_OBJC_ROOT_CLASS = YES_ERROR;
				CLANG_WARN_QUOTED_INCLUDE_IN_FRAMEWORK_HEADER = YES;
				CLANG_WARN_RANGE_LOOP_ANALYSIS = YES;
				CLANG_WARN_STRICT_PROTOTYPES = YES;
				CLANG_WARN_SUSPICIOUS_MOVE = YES;
				CLANG_WARN_UNGUARDED_AVAILABILITY = YES_AGGRESSIVE;
				CLANG_WARN_UNREACHABLE_CODE = YES;
				CLANG_WARN__DUPLICATE_METHOD_MATCH = YES;
				COPY_PHASE_STRIP = NO;
				DEBUG_INFORMATION_FORMAT = "dwarf-with-dsym";
				ENABLE_NS_ASSERTIONS = NO;
				ENABLE_STRICT_OBJC_MSGSEND = YES;
				GCC_C_LANGUAGE_STANDARD = gnu11;
				GCC_NO_COMMON_BLOCKS = YES;
				GCC_WARN_64_TO_32_BIT_CONVERSION = YES;
				GCC_WARN_ABOUT_RETURN_TYPE = YES_ERROR;
				GCC_WARN_UNDECLARED_SELECTOR = YES;
				GCC_WARN_UNINITIALIZED_AUTOS = YES_AGGRESSIVE;
				GCC_WARN_UNUSED_FUNCTION = YES;
				GCC_WARN_UNUSED_VARIABLE = YES;
				IPHONEOS_DEPLOYMENT_TARGET = 16.2;
				MTL_ENABLE_DEBUG_INFO = NO;
				MTL_FAST_MATH = YES;
				SDKROOT = iphoneos;
				SWIFT_COMPILATION_MODE = wholemodule;
				SWIFT_OPTIMIZATION_LEVEL = "-O";
				VALIDATE_PRODUCT = YES;
			};
			name = Release;
		};
		2653A464296334D60041BC66 /* Debug */ = {
			isa = XCBuildConfiguration;
			buildSettings = {
				ASSETCATALOG_COMPILER_APPICON_NAME = AppIcon;
				ASSETCATALOG_COMPILER_GLOBAL_ACCENT_COLOR_NAME = AccentColor;
				CODE_SIGN_STYLE = Automatic;
				CURRENT_PROJECT_VERSION = 1;
				DEVELOPMENT_TEAM = B575A5584Q;
				GENERATE_INFOPLIST_FILE = YES;
				INFOPLIST_FILE = CollectionView_Flower/Info.plist;
				INFOPLIST_KEY_UIApplicationSupportsIndirectInputEvents = YES;
				INFOPLIST_KEY_UILaunchStoryboardName = LaunchScreen;
				INFOPLIST_KEY_UIMainStoryboardFile = Main;
				INFOPLIST_KEY_UISupportedInterfaceOrientations_iPad = "UIInterfaceOrientationPortrait UIInterfaceOrientationPortraitUpsideDown UIInterfaceOrientationLandscapeLeft UIInterfaceOrientationLandscapeRight";
				INFOPLIST_KEY_UISupportedInterfaceOrientations_iPhone = "UIInterfaceOrientationPortrait UIInterfaceOrientationLandscapeLeft UIInterfaceOrientationLandscapeRight";
				LD_RUNPATH_SEARCH_PATHS = (
					"$(inherited)",
					"@executable_path/Frameworks",
				);
				MARKETING_VERSION = 1.0;
				PRODUCT_BUNDLE_IDENTIFIER = "com.swiftlec.CollectionView-Flower";
				PRODUCT_NAME = "$(TARGET_NAME)";
				SWIFT_EMIT_LOC_STRINGS = YES;
				SWIFT_VERSION = 5.0;
				TARGETED_DEVICE_FAMILY = "1,2";
			};
			name = Debug;
		};
		2653A465296334D60041BC66 /* Release */ = {
			isa = XCBuildConfiguration;
			buildSettings = {
				ASSETCATALOG_COMPILER_APPICON_NAME = AppIcon;
				ASSETCATALOG_COMPILER_GLOBAL_ACCENT_COLOR_NAME = AccentColor;
				CODE_SIGN_STYLE = Automatic;
				CURRENT_PROJECT_VERSION = 1;
				DEVELOPMENT_TEAM = B575A5584Q;
				GENERATE_INFOPLIST_FILE = YES;
				INFOPLIST_FILE = CollectionView_Flower/Info.plist;
				INFOPLIST_KEY_UIApplicationSupportsIndirectInputEvents = YES;
				INFOPLIST_KEY_UILaunchStoryboardName = LaunchScreen;
				INFOPLIST_KEY_UIMainStoryboardFile = Main;
				INFOPLIST_KEY_UISupportedInterfaceOrientations_iPad = "UIInterfaceOrientationPortrait UIInterfaceOrientationPortraitUpsideDown UIInterfaceOrientationLandscapeLeft UIInterfaceOrientationLandscapeRight";
				INFOPLIST_KEY_UISupportedInterfaceOrientations_iPhone = "UIInterfaceOrientationPortrait UIInterfaceOrientationLandscapeLeft UIInterfaceOrientationLandscapeRight";
				LD_RUNPATH_SEARCH_PATHS = (
					"$(inherited)",
					"@executable_path/Frameworks",
				);
				MARKETING_VERSION = 1.0;
				PRODUCT_BUNDLE_IDENTIFIER = "com.swiftlec.CollectionView-Flower";
				PRODUCT_NAME = "$(TARGET_NAME)";
				SWIFT_EMIT_LOC_STRINGS = YES;
				SWIFT_VERSION = 5.0;
				TARGETED_DEVICE_FAMILY = "1,2";
			};
			name = Release;
		};
/* End XCBuildConfiguration section */

/* Begin XCConfigurationList section */
		2653A44A296334D40041BC66 /* Build configuration list for PBXProject "CollectionView_Flower" */ = {
			isa = XCConfigurationList;
			buildConfigurations = (
				2653A461296334D60041BC66 /* Debug */,
				2653A462296334D60041BC66 /* Release */,
			);
			defaultConfigurationIsVisible = 0;
			defaultConfigurationName = Release;
		};
		2653A463296334D60041BC66 /* Build configuration list for PBXNativeTarget "CollectionView_Flower" */ = {
			isa = XCConfigurationList;
			buildConfigurations = (
				2653A464296334D60041BC66 /* Debug */,
				2653A465296334D60041BC66 /* Release */,
			);
			defaultConfigurationIsVisible = 0;
			defaultConfigurationName = Release;
		};
/* End XCConfigurationList section */
	};
	rootObject = 2653A447296334D40041BC66 /* Project object */;
}
