// !$*UTF8*$!
{
	archiveVersion = 1;
	classes = {
	};
	objectVersion = 56;
	objects = {

/* Begin PBXBuildFile section */
		2646F6BF296022860097384F /* AppDelegate.swift in Sources */ = {isa = PBXBuildFile; fileRef = 2646F6BE296022860097384F /* AppDelegate.swift */; };
		2646F6C1296022860097384F /* SceneDelegate.swift in Sources */ = {isa = PBXBuildFile; fileRef = 2646F6C0296022860097384F /* SceneDelegate.swift */; };
		2646F6C6296022860097384F /* Main.storyboard in Resources */ = {isa = PBXBuildFile; fileRef = 2646F6C4296022860097384F /* Main.storyboard */; };
		2646F6C8296022860097384F /* Assets.xcassets in Resources */ = {isa = PBXBuildFile; fileRef = 2646F6C7296022860097384F /* Assets.xcassets */; };
		2646F6CB296022860097384F /* LaunchScreen.storyboard in Resources */ = {isa = PBXBuildFile; fileRef = 2646F6C9296022860097384F /* LaunchScreen.storyboard */; };
		2646F6D6296022FA0097384F /* TableViewController.swift in Sources */ = {isa = PBXBuildFile; fileRef = 2646F6D5296022FA0097384F /* TableViewController.swift */; };
		2646F6D8296023050097384F /* TableViewCell.swift in Sources */ = {isa = PBXBuildFile; fileRef = 2646F6D7296023050097384F /* TableViewCell.swift */; };
		2646F6DB296024D60097384F /* DBModel.swift in Sources */ = {isa = PBXBuildFile; fileRef = 2646F6DA296024D60097384F /* DBModel.swift */; };
		2646F6DD296024E30097384F /* JSONModel.swift in Sources */ = {isa = PBXBuildFile; fileRef = 2646F6DC296024E30097384F /* JSONModel.swift */; };
		2646F6DF296024ED0097384F /* QueryModel.swift in Sources */ = {isa = PBXBuildFile; fileRef = 2646F6DE296024ED0097384F /* QueryModel.swift */; };
/* End PBXBuildFile section */

/* Begin PBXFileReference section */
		2646F6BB296022860097384F /* ServerJson_image.app */ = {isa = PBXFileReference; explicitFileType = wrapper.application; includeInIndex = 0; path = ServerJson_image.app; sourceTree = BUILT_PRODUCTS_DIR; };
		2646F6BE296022860097384F /* AppDelegate.swift */ = {isa = PBXFileReference; lastKnownFileType = sourcecode.swift; path = AppDelegate.swift; sourceTree = "<group>"; };
		2646F6C0296022860097384F /* SceneDelegate.swift */ = {isa = PBXFileReference; lastKnownFileType = sourcecode.swift; path = SceneDelegate.swift; sourceTree = "<group>"; };
		2646F6C5296022860097384F /* Base */ = {isa = PBXFileReference; lastKnownFileType = file.storyboard; name = Base; path = Base.lproj/Main.storyboard; sourceTree = "<group>"; };
		2646F6C7296022860097384F /* Assets.xcassets */ = {isa = PBXFileReference; lastKnownFileType = folder.assetcatalog; path = Assets.xcassets; sourceTree = "<group>"; };
		2646F6CA296022860097384F /* Base */ = {isa = PBXFileReference; lastKnownFileType = file.storyboard; name = Base; path = Base.lproj/LaunchScreen.storyboard; sourceTree = "<group>"; };
		2646F6CC296022860097384F /* Info.plist */ = {isa = PBXFileReference; lastKnownFileType = text.plist.xml; path = Info.plist; sourceTree = "<group>"; };
		2646F6D5296022FA0097384F /* TableViewController.swift */ = {isa = PBXFileReference; lastKnownFileType = sourcecode.swift; path = TableViewController.swift; sourceTree = "<group>"; };
		2646F6D7296023050097384F /* TableViewCell.swift */ = {isa = PBXFileReference; lastKnownFileType = sourcecode.swift; path = TableViewCell.swift; sourceTree = "<group>"; };
		2646F6DA296024D60097384F /* DBModel.swift */ = {isa = PBXFileReference; lastKnownFileType = sourcecode.swift; path = DBModel.swift; sourceTree = "<group>"; };
		2646F6DC296024E30097384F /* JSONModel.swift */ = {isa = PBXFileReference; lastKnownFileType = sourcecode.swift; path = JSONModel.swift; sourceTree = "<group>"; };
		2646F6DE296024ED0097384F /* QueryModel.swift */ = {isa = PBXFileReference; lastKnownFileType = sourcecode.swift; path = QueryModel.swift; sourceTree = "<group>"; };
/* End PBXFileReference section */

/* Begin PBXFrameworksBuildPhase section */
		2646F6B8296022860097384F /* Frameworks */ = {
			isa = PBXFrameworksBuildPhase;
			buildActionMask = 2147483647;
			files = (
			);
			runOnlyForDeploymentPostprocessing = 0;
		};
/* End PBXFrameworksBuildPhase section */

/* Begin PBXGroup section */
		2646F6B2296022860097384F = {
			isa = PBXGroup;
			children = (
				2646F6BD296022860097384F /* ServerJson_image */,
				2646F6BC296022860097384F /* Products */,
			);
			sourceTree = "<group>";
		};
		2646F6BC296022860097384F /* Products */ = {
			isa = PBXGroup;
			children = (
				2646F6BB296022860097384F /* ServerJson_image.app */,
			);
			name = Products;
			sourceTree = "<group>";
		};
		2646F6BD296022860097384F /* ServerJson_image */ = {
			isa = PBXGroup;
			children = (
				2646F6D9296024C70097384F /* Model */,
				2646F6D4296022E90097384F /* Controller */,
				2646F6BE296022860097384F /* AppDelegate.swift */,
				2646F6C0296022860097384F /* SceneDelegate.swift */,
				2646F6C4296022860097384F /* Main.storyboard */,
				2646F6C7296022860097384F /* Assets.xcassets */,
				2646F6C9296022860097384F /* LaunchScreen.storyboard */,
				2646F6CC296022860097384F /* Info.plist */,
			);
			path = ServerJson_image;
			sourceTree = "<group>";
		};
		2646F6D4296022E90097384F /* Controller */ = {
			isa = PBXGroup;
			children = (
				2646F6D7296023050097384F /* TableViewCell.swift */,
				2646F6D5296022FA0097384F /* TableViewController.swift */,
			);
			path = Controller;
			sourceTree = "<group>";
		};
		2646F6D9296024C70097384F /* Model */ = {
			isa = PBXGroup;
			children = (
				2646F6DA296024D60097384F /* DBModel.swift */,
				2646F6DC296024E30097384F /* JSONModel.swift */,
				2646F6DE296024ED0097384F /* QueryModel.swift */,
			);
			path = Model;
			sourceTree = "<group>";
		};
/* End PBXGroup section */

/* Begin PBXNativeTarget section */
		2646F6BA296022860097384F /* ServerJson_image */ = {
			isa = PBXNativeTarget;
			buildConfigurationList = 2646F6CF296022860097384F /* Build configuration list for PBXNativeTarget "ServerJson_image" */;
			buildPhases = (
				2646F6B7296022860097384F /* Sources */,
				2646F6B8296022860097384F /* Frameworks */,
				2646F6B9296022860097384F /* Resources */,
			);
			buildRules = (
			);
			dependencies = (
			);
			name = ServerJson_image;
			productName = ServerJson_image;
			productReference = 2646F6BB296022860097384F /* ServerJson_image.app */;
			productType = "com.apple.product-type.application";
		};
/* End PBXNativeTarget section */

/* Begin PBXProject section */
		2646F6B3296022860097384F /* Project object */ = {
			isa = PBXProject;
			attributes = {
				BuildIndependentTargetsInParallel = 1;
				LastSwiftUpdateCheck = 1420;
				LastUpgradeCheck = 1420;
				TargetAttributes = {
					2646F6BA296022860097384F = {
						CreatedOnToolsVersion = 14.2;
					};
				};
			};
			buildConfigurationList = 2646F6B6296022860097384F /* Build configuration list for PBXProject "ServerJson_image" */;
			compatibilityVersion = "Xcode 14.0";
			developmentRegion = en;
			hasScannedForEncodings = 0;
			knownRegions = (
				en,
				Base,
			);
			mainGroup = 2646F6B2296022860097384F;
			productRefGroup = 2646F6BC296022860097384F /* Products */;
			projectDirPath = "";
			projectRoot = "";
			targets = (
				2646F6BA296022860097384F /* ServerJson_image */,
			);
		};
/* End PBXProject section */

/* Begin PBXResourcesBuildPhase section */
		2646F6B9296022860097384F /* Resources */ = {
			isa = PBXResourcesBuildPhase;
			buildActionMask = 2147483647;
			files = (
				2646F6CB296022860097384F /* LaunchScreen.storyboard in Resources */,
				2646F6C8296022860097384F /* Assets.xcassets in Resources */,
				2646F6C6296022860097384F /* Main.storyboard in Resources */,
			);
			runOnlyForDeploymentPostprocessing = 0;
		};
/* End PBXResourcesBuildPhase section */

/* Begin PBXSourcesBuildPhase section */
		2646F6B7296022860097384F /* Sources */ = {
			isa = PBXSourcesBuildPhase;
			buildActionMask = 2147483647;
			files = (
				2646F6DB296024D60097384F /* DBModel.swift in Sources */,
				2646F6BF296022860097384F /* AppDelegate.swift in Sources */,
				2646F6D8296023050097384F /* TableViewCell.swift in Sources */,
				2646F6D6296022FA0097384F /* TableViewController.swift in Sources */,
				2646F6DF296024ED0097384F /* QueryModel.swift in Sources */,
				2646F6C1296022860097384F /* SceneDelegate.swift in Sources */,
				2646F6DD296024E30097384F /* JSONModel.swift in Sources */,
			);
			runOnlyForDeploymentPostprocessing = 0;
		};
/* End PBXSourcesBuildPhase section */

/* Begin PBXVariantGroup section */
		2646F6C4296022860097384F /* Main.storyboard */ = {
			isa = PBXVariantGroup;
			children = (
				2646F6C5296022860097384F /* Base */,
			);
			name = Main.storyboard;
			sourceTree = "<group>";
		};
		2646F6C9296022860097384F /* LaunchScreen.storyboard */ = {
			isa = PBXVariantGroup;
			children = (
				2646F6CA296022860097384F /* Base */,
			);
			name = LaunchScreen.storyboard;
			sourceTree = "<group>";
		};
/* End PBXVariantGroup section */

/* Begin XCBuildConfiguration section */
		2646F6CD296022860097384F /* Debug */ = {
			isa = XCBuildConfiguration;
			buildSettings = {
				ALWAYS_SEARCH_USER_PATHS = NO;
				CLANG_ANALYZER_NONNULL = YES;
				CLANG_ANALYZER_NUMBER_OBJECT_CONVERSION = YES_AGGRESSIVE;
				CLANG_CXX_LANGUAGE_STANDARD = "gnu++20";
				CLANG_ENABLE_MODULES = YES;
				CLANG_ENABLE_OBJC_ARC = YES;
				CLANG_ENABLE_OBJC_WEAK = YES;
				CLANG_WARN_BLOCK_CAPTURE_AUTORELEASING = YES;
				CLANG_WARN_BOOL_CONVERSION = YES;
				CLANG_WARN_COMMA = YES;
				CLANG_WARN_CONSTANT_CONVERSION = YES;
				CLANG_WARN_DEPRECATED_OBJC_IMPLEMENTATIONS = YES;
				CLANG_WARN_DIRECT_OBJC_ISA_USAGE = YES_ERROR;
				CLANG_WARN_DOCUMENTATION_COMMENTS = YES;
				CLANG_WARN_EMPTY_BODY = YES;
				CLANG_WARN_ENUM_CONVERSION = YES;
				CLANG_WARN_INFINITE_RECURSION = YES;
				CLANG_WARN_INT_CONVERSION = YES;
				CLANG_WARN_NON_LITERAL_NULL_CONVERSION = YES;
				CLANG_WARN_OBJC_IMPLICIT_RETAIN_SELF = YES;
				CLANG_WARN_OBJC_LITERAL_CONVERSION = YES;
				CLANG_WARN_OBJC_ROOT_CLASS = YES_ERROR;
				CLANG_WARN_QUOTED_INCLUDE_IN_FRAMEWORK_HEADER = YES;
				CLANG_WARN_RANGE_LOOP_ANALYSIS = YES;
				CLANG_WARN_STRICT_PROTOTYPES = YES;
				CLANG_WARN_SUSPICIOUS_MOVE = YES;
				CLANG_WARN_UNGUARDED_AVAILABILITY = YES_AGGRESSIVE;
				CLANG_WARN_UNREACHABLE_CODE = YES;
				CLANG_WARN__DUPLICATE_METHOD_MATCH = YES;
				COPY_PHASE_STRIP = NO;
				DEBUG_INFORMATION_FORMAT = dwarf;
				ENABLE_STRICT_OBJC_MSGSEND = YES;
				ENABLE_TESTABILITY = YES;
				GCC_C_LANGUAGE_STANDARD = gnu11;
				GCC_DYNAMIC_NO_PIC = NO;
				GCC_NO_COMMON_BLOCKS = YES;
				GCC_OPTIMIZATION_LEVEL = 0;
				GCC_PREPROCESSOR_DEFINITIONS = (
					"DEBUG=1",
					"$(inherited)",
				);
				GCC_WARN_64_TO_32_BIT_CONVERSION = YES;
				GCC_WARN_ABOUT_RETURN_TYPE = YES_ERROR;
				GCC_WARN_UNDECLARED_SELECTOR = YES;
				GCC_WARN_UNINITIALIZED_AUTOS = YES_AGGRESSIVE;
				GCC_WARN_UNUSED_FUNCTION = YES;
				GCC_WARN_UNUSED_VARIABLE = YES;
				IPHONEOS_DEPLOYMENT_TARGET = 16.2;
				MTL_ENABLE_DEBUG_INFO = INCLUDE_SOURCE;
				MTL_FAST_MATH = YES;
				ONLY_ACTIVE_ARCH = YES;
				SDKROOT = iphoneos;
				SWIFT_ACTIVE_COMPILATION_CONDITIONS = DEBUG;
				SWIFT_OPTIMIZATION_LEVEL = "-Onone";
			};
			name = Debug;
		};
		2646F6CE296022860097384F /* Release */ = {
			isa = XCBuildConfiguration;
			buildSettings = {
				ALWAYS_SEARCH_USER_PATHS = NO;
				CLANG_ANALYZER_NONNULL = YES;
				CLANG_ANALYZER_NUMBER_OBJECT_CONVERSION = YES_AGGRESSIVE;
				CLANG_CXX_LANGUAGE_STANDARD = "gnu++20";
				CLANG_ENABLE_MODULES = YES;
				CLANG_ENABLE_OBJC_ARC = YES;
				CLANG_ENABLE_OBJC_WEAK = YES;
				CLANG_WARN_BLOCK_CAPTURE_AUTORELEASING = YES;
				CLANG_WARN_BOOL_CONVERSION = YES;
				CLANG_WARN_COMMA = YES;
				CLANG_WARN_CONSTANT_CONVERSION = YES;
				CLANG_WARN_DEPRECATED_OBJC_IMPLEMENTATIONS = YES;
				CLANG_WARN_DIRECT_OBJC_ISA_USAGE = YES_ERROR;
				CLANG_WARN_DOCUMENTATION_COMMENTS = YES;
				CLANG_WARN_EMPTY_BODY = YES;
				CLANG_WARN_ENUM_CONVERSION = YES;
				CLANG_WARN_INFINITE_RECURSION = YES;
				CLANG_WARN_INT_CONVERSION = YES;
				CLANG_WARN_NON_LITERAL_NULL_CONVERSION = YES;
				CLANG_WARN_OBJC_IMPLICIT_RETAIN_SELF = YES;
				CLANG_WARN_OBJC_LITERAL_CONVERSION = YES;
				CLANG_WARN_OBJC_ROOT_CLASS = YES_ERROR;
				CLANG_WARN_QUOTED_INCLUDE_IN_FRAMEWORK_HEADER = YES;
				CLANG_WARN_RANGE_LOOP_ANALYSIS = YES;
				CLANG_WARN_STRICT_PROTOTYPES = YES;
				CLANG_WARN_SUSPICIOUS_MOVE = YES;
				CLANG_WARN_UNGUARDED_AVAILABILITY = YES_AGGRESSIVE;
				CLANG_WARN_UNREACHABLE_CODE = YES;
				CLANG_WARN__DUPLICATE_METHOD_MATCH = YES;
				COPY_PHASE_STRIP = NO;
				DEBUG_INFORMATION_FORMAT = "dwarf-with-dsym";
				ENABLE_NS_ASSERTIONS = NO;
				ENABLE_STRICT_OBJC_MSGSEND = YES;
				GCC_C_LANGUAGE_STANDARD = gnu11;
				GCC_NO_COMMON_BLOCKS = YES;
				GCC_WARN_64_TO_32_BIT_CONVERSION = YES;
				GCC_WARN_ABOUT_RETURN_TYPE = YES_ERROR;
				GCC_WARN_UNDECLARED_SELECTOR = YES;
				GCC_WARN_UNINITIALIZED_AUTOS = YES_AGGRESSIVE;
				GCC_WARN_UNUSED_FUNCTION = YES;
				GCC_WARN_UNUSED_VARIABLE = YES;
				IPHONEOS_DEPLOYMENT_TARGET = 16.2;
				MTL_ENABLE_DEBUG_INFO = NO;
				MTL_FAST_MATH = YES;
				SDKROOT = iphoneos;
				SWIFT_COMPILATION_MODE = wholemodule;
				SWIFT_OPTIMIZATION_LEVEL = "-O";
				VALIDATE_PRODUCT = YES;
			};
			name = Release;
		};
		2646F6D0296022860097384F /* Debug */ = {
			isa = XCBuildConfiguration;
			buildSettings = {
				ASSETCATALOG_COMPILER_APPICON_NAME = AppIcon;
				ASSETCATALOG_COMPILER_GLOBAL_ACCENT_COLOR_NAME = AccentColor;
				CODE_SIGN_STYLE = Automatic;
				CURRENT_PROJECT_VERSION = 1;
				DEVELOPMENT_TEAM = B575A5584Q;
				GENERATE_INFOPLIST_FILE = YES;
				INFOPLIST_FILE = ServerJson_image/Info.plist;
				INFOPLIST_KEY_UIApplicationSupportsIndirectInputEvents = YES;
				INFOPLIST_KEY_UILaunchStoryboardName = LaunchScreen;
				INFOPLIST_KEY_UIMainStoryboardFile = Main;
				INFOPLIST_KEY_UISupportedInterfaceOrientations_iPad = "UIInterfaceOrientationPortrait UIInterfaceOrientationPortraitUpsideDown UIInterfaceOrientationLandscapeLeft UIInterfaceOrientationLandscapeRight";
				INFOPLIST_KEY_UISupportedInterfaceOrientations_iPhone = "UIInterfaceOrientationPortrait UIInterfaceOrientationLandscapeLeft UIInterfaceOrientationLandscapeRight";
				LD_RUNPATH_SEARCH_PATHS = (
					"$(inherited)",
					"@executable_path/Frameworks",
				);
				MARKETING_VERSION = 1.0;
				PRODUCT_BUNDLE_IDENTIFIER = "com.swiftlec.ServerJson-image";
				PRODUCT_NAME = "$(TARGET_NAME)";
				SWIFT_EMIT_LOC_STRINGS = YES;
				SWIFT_VERSION = 5.0;
				TARGETED_DEVICE_FAMILY = "1,2";
			};
			name = Debug;
		};
		2646F6D1296022860097384F /* Release */ = {
			isa = XCBuildConfiguration;
			buildSettings = {
				ASSETCATALOG_COMPILER_APPICON_NAME = AppIcon;
				ASSETCATALOG_COMPILER_GLOBAL_ACCENT_COLOR_NAME = AccentColor;
				CODE_SIGN_STYLE = Automatic;
				CURRENT_PROJECT_VERSION = 1;
				DEVELOPMENT_TEAM = B575A5584Q;
				GENERATE_INFOPLIST_FILE = YES;
				INFOPLIST_FILE = ServerJson_image/Info.plist;
				INFOPLIST_KEY_UIApplicationSupportsIndirectInputEvents = YES;
				INFOPLIST_KEY_UILaunchStoryboardName = LaunchScreen;
				INFOPLIST_KEY_UIMainStoryboardFile = Main;
				INFOPLIST_KEY_UISupportedInterfaceOrientations_iPad = "UIInterfaceOrientationPortrait UIInterfaceOrientationPortraitUpsideDown UIInterfaceOrientationLandscapeLeft UIInterfaceOrientationLandscapeRight";
				INFOPLIST_KEY_UISupportedInterfaceOrientations_iPhone = "UIInterfaceOrientationPortrait UIInterfaceOrientationLandscapeLeft UIInterfaceOrientationLandscapeRight";
				LD_RUNPATH_SEARCH_PATHS = (
					"$(inherited)",
					"@executable_path/Frameworks",
				);
				MARKETING_VERSION = 1.0;
				PRODUCT_BUNDLE_IDENTIFIER = "com.swiftlec.ServerJson-image";
				PRODUCT_NAME = "$(TARGET_NAME)";
				SWIFT_EMIT_LOC_STRINGS = YES;
				SWIFT_VERSION = 5.0;
				TARGETED_DEVICE_FAMILY = "1,2";
			};
			name = Release;
		};
/* End XCBuildConfiguration section */

/* Begin XCConfigurationList section */
		2646F6B6296022860097384F /* Build configuration list for PBXProject "ServerJson_image" */ = {
			isa = XCConfigurationList;
			buildConfigurations = (
				2646F6CD296022860097384F /* Debug */,
				2646F6CE296022860097384F /* Release */,
			);
			defaultConfigurationIsVisible = 0;
			defaultConfigurationName = Release;
		};
		2646F6CF296022860097384F /* Build configuration list for PBXNativeTarget "ServerJson_image" */ = {
			isa = XCConfigurationList;
			buildConfigurations = (
				2646F6D0296022860097384F /* Debug */,
				2646F6D1296022860097384F /* Release */,
			);
			defaultConfigurationIsVisible = 0;
			defaultConfigurationName = Release;
		};
/* End XCConfigurationList section */
	};
	rootObject = 2646F6B3296022860097384F /* Project object */;
}
